// !$*UTF8*$!
{
	archiveVersion = 1;
	classes = {
	};
	objectVersion = 56;
	objects = {

/* Begin PBXBuildFile section */
		EFB8B0082976F12600DE1608 /* ModelSheetPresentationController.swift in Sources */ = {isa = PBXBuildFile; fileRef = EFB8B0072976F12600DE1608 /* ModelSheetPresentationController.swift */; };
		EFB8B00A2976F16400DE1608 /* ModalSheetViewController.swift in Sources */ = {isa = PBXBuildFile; fileRef = EFB8B0092976F16400DE1608 /* ModalSheetViewController.swift */; };
		EFCF72452977F2A2002ECD20 /* DetailsModalSheetViewController.swift in Sources */ = {isa = PBXBuildFile; fileRef = EFCF72442977F2A2002ECD20 /* DetailsModalSheetViewController.swift */; };
		EFCF724729782A3D002ECD20 /* TrainingPageTableViewCell.swift in Sources */ = {isa = PBXBuildFile; fileRef = EFCF724629782A3D002ECD20 /* TrainingPageTableViewCell.swift */; };
		EFD9DA3F2970581100862D9D /* AppDelegate.swift in Sources */ = {isa = PBXBuildFile; fileRef = EFD9DA3E2970581100862D9D /* AppDelegate.swift */; };
		EFD9DA412970581100862D9D /* SceneDelegate.swift in Sources */ = {isa = PBXBuildFile; fileRef = EFD9DA402970581100862D9D /* SceneDelegate.swift */; };
		EFD9DA492970581100862D9D /* SportLab.xcdatamodeld in Sources */ = {isa = PBXBuildFile; fileRef = EFD9DA472970581100862D9D /* SportLab.xcdatamodeld */; };
		EFD9DA4E2970581100862D9D /* LaunchScreen.storyboard in Resources */ = {isa = PBXBuildFile; fileRef = EFD9DA4C2970581100862D9D /* LaunchScreen.storyboard */; };
		EFD9DA682970595B00862D9D /* HomePageViewController.swift in Sources */ = {isa = PBXBuildFile; fileRef = EFD9DA572970595B00862D9D /* HomePageViewController.swift */; };
		EFD9DA692970595B00862D9D /* SmallArticleCollectionViewCell.swift in Sources */ = {isa = PBXBuildFile; fileRef = EFD9DA582970595B00862D9D /* SmallArticleCollectionViewCell.swift */; };
		EFD9DA6A2970595B00862D9D /* HomePageSection.swift in Sources */ = {isa = PBXBuildFile; fileRef = EFD9DA592970595B00862D9D /* HomePageSection.swift */; };
		EFD9DA6B2970595B00862D9D /* BigPostCollectionViewCell.swift in Sources */ = {isa = PBXBuildFile; fileRef = EFD9DA5A2970595B00862D9D /* BigPostCollectionViewCell.swift */; };
		EFD9DA6C2970595B00862D9D /* LauncherViewController.swift in Sources */ = {isa = PBXBuildFile; fileRef = EFD9DA5C2970595B00862D9D /* LauncherViewController.swift */; };
		EFD9DA6D2970595B00862D9D /* TabBarController.swift in Sources */ = {isa = PBXBuildFile; fileRef = EFD9DA5E2970595B00862D9D /* TabBarController.swift */; };
		EFD9DA6E2970595B00862D9D /* GoalsViewController.swift in Sources */ = {isa = PBXBuildFile; fileRef = EFD9DA602970595B00862D9D /* GoalsViewController.swift */; };
		EFD9DA6F2970595B00862D9D /* ConstructorViewController.swift in Sources */ = {isa = PBXBuildFile; fileRef = EFD9DA622970595B00862D9D /* ConstructorViewController.swift */; };
		EFD9DA702970595B00862D9D /* DetailsViewController.swift in Sources */ = {isa = PBXBuildFile; fileRef = EFD9DA632970595B00862D9D /* DetailsViewController.swift */; };
		EFD9DA712970595B00862D9D /* TrainingPageViewController.swift in Sources */ = {isa = PBXBuildFile; fileRef = EFD9DA642970595B00862D9D /* TrainingPageViewController.swift */; };
		EFD9DA722970595B00862D9D /* ProfileViewController.swift in Sources */ = {isa = PBXBuildFile; fileRef = EFD9DA662970595B00862D9D /* ProfileViewController.swift */; };
		EFD9DA732970595B00862D9D /* SettingsViewController.swift in Sources */ = {isa = PBXBuildFile; fileRef = EFD9DA672970595B00862D9D /* SettingsViewController.swift */; };
		EFD9DA792970596E00862D9D /* Exercise.swift in Sources */ = {isa = PBXBuildFile; fileRef = EFD9DA762970596E00862D9D /* Exercise.swift */; };
		EFD9DA7A2970596E00862D9D /* Post.swift in Sources */ = {isa = PBXBuildFile; fileRef = EFD9DA772970596E00862D9D /* Post.swift */; };
		EFD9DA7C2970598500862D9D /* Main.storyboard in Resources */ = {isa = PBXBuildFile; fileRef = EFD9DA7B2970598500862D9D /* Main.storyboard */; };
		EFD9DA7E2970599400862D9D /* AppConsts.swift in Sources */ = {isa = PBXBuildFile; fileRef = EFD9DA7D2970599400862D9D /* AppConsts.swift */; };
		EFD9DA80297059A600862D9D /* Assets.xcassets in Resources */ = {isa = PBXBuildFile; fileRef = EFD9DA7F297059A600862D9D /* Assets.xcassets */; };
		EFD9DA88297059BB00862D9D /* DI.swift in Sources */ = {isa = PBXBuildFile; fileRef = EFD9DA82297059BB00862D9D /* DI.swift */; };
		EFD9DA89297059BB00862D9D /* SportLabArticles.json in Resources */ = {isa = PBXBuildFile; fileRef = EFD9DA83297059BB00862D9D /* SportLabArticles.json */; };
		EFD9DA8A297059BB00862D9D /* SportLabPosts.json in Resources */ = {isa = PBXBuildFile; fileRef = EFD9DA84297059BB00862D9D /* SportLabPosts.json */; };
		EFD9DA8B297059BB00862D9D /* SportLabExercises.json in Resources */ = {isa = PBXBuildFile; fileRef = EFD9DA85297059BB00862D9D /* SportLabExercises.json */; };
		EFD9DA8C297059BB00862D9D /* JSONParser.swift in Sources */ = {isa = PBXBuildFile; fileRef = EFD9DA86297059BB00862D9D /* JSONParser.swift */; };
		EFD9DA8D297059BB00862D9D /* ResourceLoader.swift in Sources */ = {isa = PBXBuildFile; fileRef = EFD9DA87297059BB00862D9D /* ResourceLoader.swift */; };
		EFD9DA91297059CF00862D9D /* DLog.swift in Sources */ = {isa = PBXBuildFile; fileRef = EFD9DA8F297059CF00862D9D /* DLog.swift */; };
		EFD9DA92297059CF00862D9D /* Extensions.swift in Sources */ = {isa = PBXBuildFile; fileRef = EFD9DA90297059CF00862D9D /* Extensions.swift */; };
		EFD9DA95297059EF00862D9D /* CoreDataManager.swift in Sources */ = {isa = PBXBuildFile; fileRef = EFD9DA94297059EF00862D9D /* CoreDataManager.swift */; };
		EFD9DA9E29705B3000862D9D /* MOUserInfo+CoreDataClass.swift in Sources */ = {isa = PBXBuildFile; fileRef = EFD9DA9629705B3000862D9D /* MOUserInfo+CoreDataClass.swift */; };
		EFD9DA9F29705B3000862D9D /* MOUserInfo+CoreDataProperties.swift in Sources */ = {isa = PBXBuildFile; fileRef = EFD9DA9729705B3000862D9D /* MOUserInfo+CoreDataProperties.swift */; };
		EFD9DAA029705B3000862D9D /* MOTraining+CoreDataClass.swift in Sources */ = {isa = PBXBuildFile; fileRef = EFD9DA9829705B3000862D9D /* MOTraining+CoreDataClass.swift */; };
		EFD9DAA129705B3000862D9D /* MOTraining+CoreDataProperties.swift in Sources */ = {isa = PBXBuildFile; fileRef = EFD9DA9929705B3000862D9D /* MOTraining+CoreDataProperties.swift */; };
		EFD9DAA229705B3000862D9D /* MOExercise+CoreDataClass.swift in Sources */ = {isa = PBXBuildFile; fileRef = EFD9DA9A29705B3000862D9D /* MOExercise+CoreDataClass.swift */; };
		EFD9DAA329705B3000862D9D /* MOExercise+CoreDataProperties.swift in Sources */ = {isa = PBXBuildFile; fileRef = EFD9DA9B29705B3000862D9D /* MOExercise+CoreDataProperties.swift */; };
		EFD9DAA429705B3000862D9D /* MOGoal+CoreDataClass.swift in Sources */ = {isa = PBXBuildFile; fileRef = EFD9DA9C29705B3000862D9D /* MOGoal+CoreDataClass.swift */; };
		EFD9DAA529705B3000862D9D /* MOGoal+CoreDataProperties.swift in Sources */ = {isa = PBXBuildFile; fileRef = EFD9DA9D29705B3000862D9D /* MOGoal+CoreDataProperties.swift */; };
		EFD9DAA729705C7E00862D9D /* Training.swift in Sources */ = {isa = PBXBuildFile; fileRef = EFD9DAA629705C7E00862D9D /* Training.swift */; };
		EFD9DAA929705C9A00862D9D /* Goal.swift in Sources */ = {isa = PBXBuildFile; fileRef = EFD9DAA829705C9A00862D9D /* Goal.swift */; };
		EFD9DAAB29705CAF00862D9D /* UserInfo.swift in Sources */ = {isa = PBXBuildFile; fileRef = EFD9DAAA29705CAF00862D9D /* UserInfo.swift */; };
		EFD9DAAD2970675700862D9D /* GoalsTableViewCell.swift in Sources */ = {isa = PBXBuildFile; fileRef = EFD9DAAC2970675700862D9D /* GoalsTableViewCell.swift */; };
		EFD9DAAF2970679F00862D9D /* ConstructorTableViewCell.swift in Sources */ = {isa = PBXBuildFile; fileRef = EFD9DAAE2970679F00862D9D /* ConstructorTableViewCell.swift */; };
		EFDECC8B2976CD3B00D753C5 /* DetailsTableViewCell.swift in Sources */ = {isa = PBXBuildFile; fileRef = EFDECC8A2976CD3B00D753C5 /* DetailsTableViewCell.swift */; };
/* End PBXBuildFile section */

/* Begin PBXFileReference section */
		EFB8B0072976F12600DE1608 /* ModelSheetPresentationController.swift */ = {isa = PBXFileReference; lastKnownFileType = sourcecode.swift; path = ModelSheetPresentationController.swift; sourceTree = "<group>"; };
		EFB8B0092976F16400DE1608 /* ModalSheetViewController.swift */ = {isa = PBXFileReference; lastKnownFileType = sourcecode.swift; path = ModalSheetViewController.swift; sourceTree = "<group>"; };
		EFCF72442977F2A2002ECD20 /* DetailsModalSheetViewController.swift */ = {isa = PBXFileReference; lastKnownFileType = sourcecode.swift; path = DetailsModalSheetViewController.swift; sourceTree = "<group>"; };
		EFCF724629782A3D002ECD20 /* TrainingPageTableViewCell.swift */ = {isa = PBXFileReference; lastKnownFileType = sourcecode.swift; path = TrainingPageTableViewCell.swift; sourceTree = "<group>"; };
		EFD9DA3B2970581100862D9D /* SportLab.app */ = {isa = PBXFileReference; explicitFileType = wrapper.application; includeInIndex = 0; path = SportLab.app; sourceTree = BUILT_PRODUCTS_DIR; };
		EFD9DA3E2970581100862D9D /* AppDelegate.swift */ = {isa = PBXFileReference; lastKnownFileType = sourcecode.swift; path = AppDelegate.swift; sourceTree = "<group>"; };
		EFD9DA402970581100862D9D /* SceneDelegate.swift */ = {isa = PBXFileReference; lastKnownFileType = sourcecode.swift; path = SceneDelegate.swift; sourceTree = "<group>"; };
		EFD9DA482970581100862D9D /* SportLab.xcdatamodel */ = {isa = PBXFileReference; lastKnownFileType = wrapper.xcdatamodel; path = SportLab.xcdatamodel; sourceTree = "<group>"; };
		EFD9DA4D2970581100862D9D /* Base */ = {isa = PBXFileReference; lastKnownFileType = file.storyboard; name = Base; path = Base.lproj/LaunchScreen.storyboard; sourceTree = "<group>"; };
		EFD9DA4F2970581100862D9D /* Info.plist */ = {isa = PBXFileReference; lastKnownFileType = text.plist.xml; path = Info.plist; sourceTree = "<group>"; };
		EFD9DA572970595B00862D9D /* HomePageViewController.swift */ = {isa = PBXFileReference; fileEncoding = 4; lastKnownFileType = sourcecode.swift; path = HomePageViewController.swift; sourceTree = "<group>"; };
		EFD9DA582970595B00862D9D /* SmallArticleCollectionViewCell.swift */ = {isa = PBXFileReference; fileEncoding = 4; lastKnownFileType = sourcecode.swift; path = SmallArticleCollectionViewCell.swift; sourceTree = "<group>"; };
		EFD9DA592970595B00862D9D /* HomePageSection.swift */ = {isa = PBXFileReference; fileEncoding = 4; lastKnownFileType = sourcecode.swift; path = HomePageSection.swift; sourceTree = "<group>"; };
		EFD9DA5A2970595B00862D9D /* BigPostCollectionViewCell.swift */ = {isa = PBXFileReference; fileEncoding = 4; lastKnownFileType = sourcecode.swift; path = BigPostCollectionViewCell.swift; sourceTree = "<group>"; };
		EFD9DA5C2970595B00862D9D /* LauncherViewController.swift */ = {isa = PBXFileReference; fileEncoding = 4; lastKnownFileType = sourcecode.swift; path = LauncherViewController.swift; sourceTree = "<group>"; };
		EFD9DA5E2970595B00862D9D /* TabBarController.swift */ = {isa = PBXFileReference; fileEncoding = 4; lastKnownFileType = sourcecode.swift; path = TabBarController.swift; sourceTree = "<group>"; };
		EFD9DA602970595B00862D9D /* GoalsViewController.swift */ = {isa = PBXFileReference; fileEncoding = 4; lastKnownFileType = sourcecode.swift; path = GoalsViewController.swift; sourceTree = "<group>"; };
		EFD9DA622970595B00862D9D /* ConstructorViewController.swift */ = {isa = PBXFileReference; fileEncoding = 4; lastKnownFileType = sourcecode.swift; path = ConstructorViewController.swift; sourceTree = "<group>"; };
		EFD9DA632970595B00862D9D /* DetailsViewController.swift */ = {isa = PBXFileReference; fileEncoding = 4; lastKnownFileType = sourcecode.swift; path = DetailsViewController.swift; sourceTree = "<group>"; };
		EFD9DA642970595B00862D9D /* TrainingPageViewController.swift */ = {isa = PBXFileReference; fileEncoding = 4; lastKnownFileType = sourcecode.swift; path = TrainingPageViewController.swift; sourceTree = "<group>"; };
		EFD9DA662970595B00862D9D /* ProfileViewController.swift */ = {isa = PBXFileReference; fileEncoding = 4; lastKnownFileType = sourcecode.swift; path = ProfileViewController.swift; sourceTree = "<group>"; };
		EFD9DA672970595B00862D9D /* SettingsViewController.swift */ = {isa = PBXFileReference; fileEncoding = 4; lastKnownFileType = sourcecode.swift; path = SettingsViewController.swift; sourceTree = "<group>"; };
		EFD9DA762970596E00862D9D /* Exercise.swift */ = {isa = PBXFileReference; fileEncoding = 4; lastKnownFileType = sourcecode.swift; path = Exercise.swift; sourceTree = "<group>"; };
		EFD9DA772970596E00862D9D /* Post.swift */ = {isa = PBXFileReference; fileEncoding = 4; lastKnownFileType = sourcecode.swift; path = Post.swift; sourceTree = "<group>"; };
		EFD9DA7B2970598500862D9D /* Main.storyboard */ = {isa = PBXFileReference; fileEncoding = 4; lastKnownFileType = file.storyboard; path = Main.storyboard; sourceTree = "<group>"; };
		EFD9DA7D2970599400862D9D /* AppConsts.swift */ = {isa = PBXFileReference; fileEncoding = 4; lastKnownFileType = sourcecode.swift; path = AppConsts.swift; sourceTree = "<group>"; };
		EFD9DA7F297059A600862D9D /* Assets.xcassets */ = {isa = PBXFileReference; lastKnownFileType = folder.assetcatalog; path = Assets.xcassets; sourceTree = "<group>"; };
		EFD9DA82297059BB00862D9D /* DI.swift */ = {isa = PBXFileReference; fileEncoding = 4; lastKnownFileType = sourcecode.swift; path = DI.swift; sourceTree = "<group>"; };
		EFD9DA83297059BB00862D9D /* SportLabArticles.json */ = {isa = PBXFileReference; fileEncoding = 4; lastKnownFileType = text.json; path = SportLabArticles.json; sourceTree = "<group>"; };
		EFD9DA84297059BB00862D9D /* SportLabPosts.json */ = {isa = PBXFileReference; fileEncoding = 4; lastKnownFileType = text.json; path = SportLabPosts.json; sourceTree = "<group>"; };
		EFD9DA85297059BB00862D9D /* SportLabExercises.json */ = {isa = PBXFileReference; fileEncoding = 4; lastKnownFileType = text.json; path = SportLabExercises.json; sourceTree = "<group>"; };
		EFD9DA86297059BB00862D9D /* JSONParser.swift */ = {isa = PBXFileReference; fileEncoding = 4; lastKnownFileType = sourcecode.swift; path = JSONParser.swift; sourceTree = "<group>"; };
		EFD9DA87297059BB00862D9D /* ResourceLoader.swift */ = {isa = PBXFileReference; fileEncoding = 4; lastKnownFileType = sourcecode.swift; path = ResourceLoader.swift; sourceTree = "<group>"; };
		EFD9DA8F297059CF00862D9D /* DLog.swift */ = {isa = PBXFileReference; fileEncoding = 4; lastKnownFileType = sourcecode.swift; path = DLog.swift; sourceTree = "<group>"; };
		EFD9DA90297059CF00862D9D /* Extensions.swift */ = {isa = PBXFileReference; fileEncoding = 4; lastKnownFileType = sourcecode.swift; path = Extensions.swift; sourceTree = "<group>"; };
		EFD9DA94297059EF00862D9D /* CoreDataManager.swift */ = {isa = PBXFileReference; fileEncoding = 4; lastKnownFileType = sourcecode.swift; path = CoreDataManager.swift; sourceTree = "<group>"; };
		EFD9DA9629705B3000862D9D /* MOUserInfo+CoreDataClass.swift */ = {isa = PBXFileReference; lastKnownFileType = sourcecode.swift; path = "MOUserInfo+CoreDataClass.swift"; sourceTree = "<group>"; };
		EFD9DA9729705B3000862D9D /* MOUserInfo+CoreDataProperties.swift */ = {isa = PBXFileReference; lastKnownFileType = sourcecode.swift; path = "MOUserInfo+CoreDataProperties.swift"; sourceTree = "<group>"; };
		EFD9DA9829705B3000862D9D /* MOTraining+CoreDataClass.swift */ = {isa = PBXFileReference; lastKnownFileType = sourcecode.swift; path = "MOTraining+CoreDataClass.swift"; sourceTree = "<group>"; };
		EFD9DA9929705B3000862D9D /* MOTraining+CoreDataProperties.swift */ = {isa = PBXFileReference; lastKnownFileType = sourcecode.swift; path = "MOTraining+CoreDataProperties.swift"; sourceTree = "<group>"; };
		EFD9DA9A29705B3000862D9D /* MOExercise+CoreDataClass.swift */ = {isa = PBXFileReference; lastKnownFileType = sourcecode.swift; path = "MOExercise+CoreDataClass.swift"; sourceTree = "<group>"; };
		EFD9DA9B29705B3000862D9D /* MOExercise+CoreDataProperties.swift */ = {isa = PBXFileReference; lastKnownFileType = sourcecode.swift; path = "MOExercise+CoreDataProperties.swift"; sourceTree = "<group>"; };
		EFD9DA9C29705B3000862D9D /* MOGoal+CoreDataClass.swift */ = {isa = PBXFileReference; lastKnownFileType = sourcecode.swift; path = "MOGoal+CoreDataClass.swift"; sourceTree = "<group>"; };
		EFD9DA9D29705B3000862D9D /* MOGoal+CoreDataProperties.swift */ = {isa = PBXFileReference; lastKnownFileType = sourcecode.swift; path = "MOGoal+CoreDataProperties.swift"; sourceTree = "<group>"; };
		EFD9DAA629705C7E00862D9D /* Training.swift */ = {isa = PBXFileReference; lastKnownFileType = sourcecode.swift; path = Training.swift; sourceTree = "<group>"; };
		EFD9DAA829705C9A00862D9D /* Goal.swift */ = {isa = PBXFileReference; lastKnownFileType = sourcecode.swift; path = Goal.swift; sourceTree = "<group>"; };
		EFD9DAAA29705CAF00862D9D /* UserInfo.swift */ = {isa = PBXFileReference; lastKnownFileType = sourcecode.swift; path = UserInfo.swift; sourceTree = "<group>"; };
		EFD9DAAC2970675700862D9D /* GoalsTableViewCell.swift */ = {isa = PBXFileReference; lastKnownFileType = sourcecode.swift; path = GoalsTableViewCell.swift; sourceTree = "<group>"; };
		EFD9DAAE2970679F00862D9D /* ConstructorTableViewCell.swift */ = {isa = PBXFileReference; lastKnownFileType = sourcecode.swift; path = ConstructorTableViewCell.swift; sourceTree = "<group>"; };
		EFDECC8A2976CD3B00D753C5 /* DetailsTableViewCell.swift */ = {isa = PBXFileReference; lastKnownFileType = sourcecode.swift; path = DetailsTableViewCell.swift; sourceTree = "<group>"; };
/* End PBXFileReference section */

/* Begin PBXFrameworksBuildPhase section */
		EFD9DA382970581100862D9D /* Frameworks */ = {
			isa = PBXFrameworksBuildPhase;
			buildActionMask = 2147483647;
			files = (
			);
			runOnlyForDeploymentPostprocessing = 0;
		};
/* End PBXFrameworksBuildPhase section */

/* Begin PBXGroup section */
		EFB8B0062976F10B00DE1608 /* ModalSheet */ = {
			isa = PBXGroup;
			children = (
				EFB8B0072976F12600DE1608 /* ModelSheetPresentationController.swift */,
				EFB8B0092976F16400DE1608 /* ModalSheetViewController.swift */,
			);
			path = ModalSheet;
			sourceTree = "<group>";
		};
		EFD9DA322970581100862D9D = {
			isa = PBXGroup;
			children = (
				EFD9DA3D2970581100862D9D /* SportLab */,
				EFD9DA3C2970581100862D9D /* Products */,
			);
			sourceTree = "<group>";
		};
		EFD9DA3C2970581100862D9D /* Products */ = {
			isa = PBXGroup;
			children = (
				EFD9DA3B2970581100862D9D /* SportLab.app */,
			);
			name = Products;
			sourceTree = "<group>";
		};
		EFD9DA3D2970581100862D9D /* SportLab */ = {
			isa = PBXGroup;
			children = (
				EFD9DA7D2970599400862D9D /* AppConsts.swift */,
				EFD9DA3E2970581100862D9D /* AppDelegate.swift */,
				EFD9DA402970581100862D9D /* SceneDelegate.swift */,
				EFD9DA7F297059A600862D9D /* Assets.xcassets */,
				EFD9DA7B2970598500862D9D /* Main.storyboard */,
				EFD9DA4C2970581100862D9D /* LaunchScreen.storyboard */,
				EFD9DA4F2970581100862D9D /* Info.plist */,
				EFD9DA742970596E00862D9D /* Models */,
				EFD9DA552970595B00862D9D /* UI */,
				EFD9DA93297059DD00862D9D /* CoreData */,
				EFD9DA81297059BB00862D9D /* Resources */,
				EFD9DA8E297059CF00862D9D /* Extensions */,
			);
			path = SportLab;
			sourceTree = "<group>";
		};
		EFD9DA552970595B00862D9D /* UI */ = {
			isa = PBXGroup;
			children = (
				EFD9DA562970595B00862D9D /* HomePage */,
				EFD9DA5B2970595B00862D9D /* Launch */,
				EFD9DA5D2970595B00862D9D /* TabBar */,
				EFD9DA5F2970595B00862D9D /* GoalsPage */,
				EFD9DA612970595B00862D9D /* TrainingPage */,
				EFB8B0062976F10B00DE1608 /* ModalSheet */,
				EFD9DA652970595B00862D9D /* ProfilePage */,
			);
			path = UI;
			sourceTree = "<group>";
		};
		EFD9DA562970595B00862D9D /* HomePage */ = {
			isa = PBXGroup;
			children = (
				EFD9DA572970595B00862D9D /* HomePageViewController.swift */,
				EFD9DA582970595B00862D9D /* SmallArticleCollectionViewCell.swift */,
				EFD9DA592970595B00862D9D /* HomePageSection.swift */,
				EFD9DA5A2970595B00862D9D /* BigPostCollectionViewCell.swift */,
			);
			path = HomePage;
			sourceTree = "<group>";
		};
		EFD9DA5B2970595B00862D9D /* Launch */ = {
			isa = PBXGroup;
			children = (
				EFD9DA5C2970595B00862D9D /* LauncherViewController.swift */,
			);
			path = Launch;
			sourceTree = "<group>";
		};
		EFD9DA5D2970595B00862D9D /* TabBar */ = {
			isa = PBXGroup;
			children = (
				EFD9DA5E2970595B00862D9D /* TabBarController.swift */,
			);
			path = TabBar;
			sourceTree = "<group>";
		};
		EFD9DA5F2970595B00862D9D /* GoalsPage */ = {
			isa = PBXGroup;
			children = (
				EFD9DA602970595B00862D9D /* GoalsViewController.swift */,
				EFD9DAAC2970675700862D9D /* GoalsTableViewCell.swift */,
			);
			path = GoalsPage;
			sourceTree = "<group>";
		};
		EFD9DA612970595B00862D9D /* TrainingPage */ = {
			isa = PBXGroup;
			children = (
				EFD9DA622970595B00862D9D /* ConstructorViewController.swift */,
				EFD9DAAE2970679F00862D9D /* ConstructorTableViewCell.swift */,
				EFD9DA642970595B00862D9D /* TrainingPageViewController.swift */,
				EFCF724629782A3D002ECD20 /* TrainingPageTableViewCell.swift */,
				EFD9DA632970595B00862D9D /* DetailsViewController.swift */,
				EFDECC8A2976CD3B00D753C5 /* DetailsTableViewCell.swift */,
				EFCF72442977F2A2002ECD20 /* DetailsModalSheetViewController.swift */,
			);
			path = TrainingPage;
			sourceTree = "<group>";
		};
		EFD9DA652970595B00862D9D /* ProfilePage */ = {
			isa = PBXGroup;
			children = (
				EFD9DA662970595B00862D9D /* ProfileViewController.swift */,
				EFD9DA672970595B00862D9D /* SettingsViewController.swift */,
			);
			path = ProfilePage;
			sourceTree = "<group>";
		};
		EFD9DA742970596E00862D9D /* Models */ = {
			isa = PBXGroup;
			children = (
				EFD9DA762970596E00862D9D /* Exercise.swift */,
				EFD9DA772970596E00862D9D /* Post.swift */,
				EFD9DAA629705C7E00862D9D /* Training.swift */,
				EFD9DAA829705C9A00862D9D /* Goal.swift */,
				EFD9DAAA29705CAF00862D9D /* UserInfo.swift */,
			);
			path = Models;
			sourceTree = "<group>";
		};
		EFD9DA81297059BB00862D9D /* Resources */ = {
			isa = PBXGroup;
			children = (
				EFD9DA82297059BB00862D9D /* DI.swift */,
				EFD9DA83297059BB00862D9D /* SportLabArticles.json */,
				EFD9DA84297059BB00862D9D /* SportLabPosts.json */,
				EFD9DA85297059BB00862D9D /* SportLabExercises.json */,
				EFD9DA86297059BB00862D9D /* JSONParser.swift */,
				EFD9DA87297059BB00862D9D /* ResourceLoader.swift */,
			);
			path = Resources;
			sourceTree = "<group>";
		};
		EFD9DA8E297059CF00862D9D /* Extensions */ = {
			isa = PBXGroup;
			children = (
				EFD9DA8F297059CF00862D9D /* DLog.swift */,
				EFD9DA90297059CF00862D9D /* Extensions.swift */,
			);
			path = Extensions;
			sourceTree = "<group>";
		};
		EFD9DA93297059DD00862D9D /* CoreData */ = {
			isa = PBXGroup;
			children = (
				EFD9DA94297059EF00862D9D /* CoreDataManager.swift */,
				EFD9DA9629705B3000862D9D /* MOUserInfo+CoreDataClass.swift */,
				EFD9DA9729705B3000862D9D /* MOUserInfo+CoreDataProperties.swift */,
				EFD9DA9829705B3000862D9D /* MOTraining+CoreDataClass.swift */,
				EFD9DA9929705B3000862D9D /* MOTraining+CoreDataProperties.swift */,
				EFD9DA9A29705B3000862D9D /* MOExercise+CoreDataClass.swift */,
				EFD9DA9B29705B3000862D9D /* MOExercise+CoreDataProperties.swift */,
				EFD9DA9C29705B3000862D9D /* MOGoal+CoreDataClass.swift */,
				EFD9DA9D29705B3000862D9D /* MOGoal+CoreDataProperties.swift */,
				EFD9DA472970581100862D9D /* SportLab.xcdatamodeld */,
			);
			path = CoreData;
			sourceTree = "<group>";
		};
/* End PBXGroup section */

/* Begin PBXNativeTarget section */
		EFD9DA3A2970581100862D9D /* SportLab */ = {
			isa = PBXNativeTarget;
			buildConfigurationList = EFD9DA522970581100862D9D /* Build configuration list for PBXNativeTarget "SportLab" */;
			buildPhases = (
				EFD9DA372970581100862D9D /* Sources */,
				EFD9DA382970581100862D9D /* Frameworks */,
				EFD9DA392970581100862D9D /* Resources */,
			);
			buildRules = (
			);
			dependencies = (
			);
			name = SportLab;
			productName = SportLab;
			productReference = EFD9DA3B2970581100862D9D /* SportLab.app */;
			productType = "com.apple.product-type.application";
		};
/* End PBXNativeTarget section */

/* Begin PBXProject section */
		EFD9DA332970581100862D9D /* Project object */ = {
			isa = PBXProject;
			attributes = {
				BuildIndependentTargetsInParallel = 1;
				LastSwiftUpdateCheck = 1420;
				LastUpgradeCheck = 1420;
				TargetAttributes = {
					EFD9DA3A2970581100862D9D = {
						CreatedOnToolsVersion = 14.2;
					};
				};
			};
			buildConfigurationList = EFD9DA362970581100862D9D /* Build configuration list for PBXProject "SportLab" */;
			compatibilityVersion = "Xcode 14.0";
			developmentRegion = en;
			hasScannedForEncodings = 0;
			knownRegions = (
				en,
				Base,
			);
			mainGroup = EFD9DA322970581100862D9D;
			productRefGroup = EFD9DA3C2970581100862D9D /* Products */;
			projectDirPath = "";
			projectRoot = "";
			targets = (
				EFD9DA3A2970581100862D9D /* SportLab */,
			);
		};
/* End PBXProject section */

/* Begin PBXResourcesBuildPhase section */
		EFD9DA392970581100862D9D /* Resources */ = {
			isa = PBXResourcesBuildPhase;
			buildActionMask = 2147483647;
			files = (
				EFD9DA8A297059BB00862D9D /* SportLabPosts.json in Resources */,
				EFD9DA7C2970598500862D9D /* Main.storyboard in Resources */,
				EFD9DA8B297059BB00862D9D /* SportLabExercises.json in Resources */,
				EFD9DA80297059A600862D9D /* Assets.xcassets in Resources */,
				EFD9DA4E2970581100862D9D /* LaunchScreen.storyboard in Resources */,
				EFD9DA89297059BB00862D9D /* SportLabArticles.json in Resources */,
			);
			runOnlyForDeploymentPostprocessing = 0;
		};
/* End PBXResourcesBuildPhase section */

/* Begin PBXSourcesBuildPhase section */
		EFD9DA372970581100862D9D /* Sources */ = {
			isa = PBXSourcesBuildPhase;
			buildActionMask = 2147483647;
			files = (
				EFD9DA712970595B00862D9D /* TrainingPageViewController.swift in Sources */,
				EFD9DAA029705B3000862D9D /* MOTraining+CoreDataClass.swift in Sources */,
				EFD9DA492970581100862D9D /* SportLab.xcdatamodeld in Sources */,
				EFD9DA8C297059BB00862D9D /* JSONParser.swift in Sources */,
				EFD9DA9F29705B3000862D9D /* MOUserInfo+CoreDataProperties.swift in Sources */,
				EFD9DA6C2970595B00862D9D /* LauncherViewController.swift in Sources */,
				EFD9DAA329705B3000862D9D /* MOExercise+CoreDataProperties.swift in Sources */,
				EFD9DA6B2970595B00862D9D /* BigPostCollectionViewCell.swift in Sources */,
				EFD9DA6D2970595B00862D9D /* TabBarController.swift in Sources */,
				EFD9DA91297059CF00862D9D /* DLog.swift in Sources */,
				EFB8B0082976F12600DE1608 /* ModelSheetPresentationController.swift in Sources */,
				EFD9DA3F2970581100862D9D /* AppDelegate.swift in Sources */,
				EFD9DA732970595B00862D9D /* SettingsViewController.swift in Sources */,
				EFD9DA6A2970595B00862D9D /* HomePageSection.swift in Sources */,
				EFD9DAAD2970675700862D9D /* GoalsTableViewCell.swift in Sources */,
				EFD9DAA929705C9A00862D9D /* Goal.swift in Sources */,
				EFD9DA88297059BB00862D9D /* DI.swift in Sources */,
				EFD9DA7E2970599400862D9D /* AppConsts.swift in Sources */,
				EFD9DAAB29705CAF00862D9D /* UserInfo.swift in Sources */,
				EFD9DAA129705B3000862D9D /* MOTraining+CoreDataProperties.swift in Sources */,
				EFD9DA9E29705B3000862D9D /* MOUserInfo+CoreDataClass.swift in Sources */,
				EFD9DAA729705C7E00862D9D /* Training.swift in Sources */,
				EFCF72452977F2A2002ECD20 /* DetailsModalSheetViewController.swift in Sources */,
				EFD9DA692970595B00862D9D /* SmallArticleCollectionViewCell.swift in Sources */,
				EFD9DA8D297059BB00862D9D /* ResourceLoader.swift in Sources */,
				EFD9DA682970595B00862D9D /* HomePageViewController.swift in Sources */,
				EFD9DA6E2970595B00862D9D /* GoalsViewController.swift in Sources */,
				EFD9DA412970581100862D9D /* SceneDelegate.swift in Sources */,
				EFD9DAA529705B3000862D9D /* MOGoal+CoreDataProperties.swift in Sources */,
				EFD9DA95297059EF00862D9D /* CoreDataManager.swift in Sources */,
				EFD9DAA429705B3000862D9D /* MOGoal+CoreDataClass.swift in Sources */,
				EFD9DA722970595B00862D9D /* ProfileViewController.swift in Sources */,
				EFD9DAAF2970679F00862D9D /* ConstructorTableViewCell.swift in Sources */,
				EFD9DA92297059CF00862D9D /* Extensions.swift in Sources */,
				EFCF724729782A3D002ECD20 /* TrainingPageTableViewCell.swift in Sources */,
				EFD9DA702970595B00862D9D /* DetailsViewController.swift in Sources */,
				EFD9DA7A2970596E00862D9D /* Post.swift in Sources */,
				EFDECC8B2976CD3B00D753C5 /* DetailsTableViewCell.swift in Sources */,
				EFD9DAA229705B3000862D9D /* MOExercise+CoreDataClass.swift in Sources */,
				EFD9DA6F2970595B00862D9D /* ConstructorViewController.swift in Sources */,
				EFB8B00A2976F16400DE1608 /* ModalSheetViewController.swift in Sources */,
				EFD9DA792970596E00862D9D /* Exercise.swift in Sources */,
			);
			runOnlyForDeploymentPostprocessing = 0;
		};
/* End PBXSourcesBuildPhase section */

/* Begin PBXVariantGroup section */
		EFD9DA4C2970581100862D9D /* LaunchScreen.storyboard */ = {
			isa = PBXVariantGroup;
			children = (
				EFD9DA4D2970581100862D9D /* Base */,
			);
			name = LaunchScreen.storyboard;
			sourceTree = "<group>";
		};
/* End PBXVariantGroup section */

/* Begin XCBuildConfiguration section */
		EFD9DA502970581100862D9D /* Debug */ = {
			isa = XCBuildConfiguration;
			buildSettings = {
				ALWAYS_SEARCH_USER_PATHS = NO;
				CLANG_ANALYZER_NONNULL = YES;
				CLANG_ANALYZER_NUMBER_OBJECT_CONVERSION = YES_AGGRESSIVE;
				CLANG_CXX_LANGUAGE_STANDARD = "gnu++20";
				CLANG_ENABLE_MODULES = YES;
				CLANG_ENABLE_OBJC_ARC = YES;
				CLANG_ENABLE_OBJC_WEAK = YES;
				CLANG_WARN_BLOCK_CAPTURE_AUTORELEASING = YES;
				CLANG_WARN_BOOL_CONVERSION = YES;
				CLANG_WARN_COMMA = YES;
				CLANG_WARN_CONSTANT_CONVERSION = YES;
				CLANG_WARN_DEPRECATED_OBJC_IMPLEMENTATIONS = YES;
				CLANG_WARN_DIRECT_OBJC_ISA_USAGE = YES_ERROR;
				CLANG_WARN_DOCUMENTATION_COMMENTS = YES;
				CLANG_WARN_EMPTY_BODY = YES;
				CLANG_WARN_ENUM_CONVERSION = YES;
				CLANG_WARN_INFINITE_RECURSION = YES;
				CLANG_WARN_INT_CONVERSION = YES;
				CLANG_WARN_NON_LITERAL_NULL_CONVERSION = YES;
				CLANG_WARN_OBJC_IMPLICIT_RETAIN_SELF = YES;
				CLANG_WARN_OBJC_LITERAL_CONVERSION = YES;
				CLANG_WARN_OBJC_ROOT_CLASS = YES_ERROR;
				CLANG_WARN_QUOTED_INCLUDE_IN_FRAMEWORK_HEADER = YES;
				CLANG_WARN_RANGE_LOOP_ANALYSIS = YES;
				CLANG_WARN_STRICT_PROTOTYPES = YES;
				CLANG_WARN_SUSPICIOUS_MOVE = YES;
				CLANG_WARN_UNGUARDED_AVAILABILITY = YES_AGGRESSIVE;
				CLANG_WARN_UNREACHABLE_CODE = YES;
				CLANG_WARN__DUPLICATE_METHOD_MATCH = YES;
				COPY_PHASE_STRIP = NO;
				DEBUG_INFORMATION_FORMAT = dwarf;
				ENABLE_STRICT_OBJC_MSGSEND = YES;
				ENABLE_TESTABILITY = YES;
				GCC_C_LANGUAGE_STANDARD = gnu11;
				GCC_DYNAMIC_NO_PIC = NO;
				GCC_NO_COMMON_BLOCKS = YES;
				GCC_OPTIMIZATION_LEVEL = 0;
				GCC_PREPROCESSOR_DEFINITIONS = (
					"DEBUG=1",
					"$(inherited)",
				);
				GCC_WARN_64_TO_32_BIT_CONVERSION = YES;
				GCC_WARN_ABOUT_RETURN_TYPE = YES_ERROR;
				GCC_WARN_UNDECLARED_SELECTOR = YES;
				GCC_WARN_UNINITIALIZED_AUTOS = YES_AGGRESSIVE;
				GCC_WARN_UNUSED_FUNCTION = YES;
				GCC_WARN_UNUSED_VARIABLE = YES;
				IPHONEOS_DEPLOYMENT_TARGET = 16.2;
				MTL_ENABLE_DEBUG_INFO = INCLUDE_SOURCE;
				MTL_FAST_MATH = YES;
				ONLY_ACTIVE_ARCH = YES;
				SDKROOT = iphoneos;
				SWIFT_ACTIVE_COMPILATION_CONDITIONS = DEBUG;
				SWIFT_OPTIMIZATION_LEVEL = "-Onone";
			};
			name = Debug;
		};
		EFD9DA512970581100862D9D /* Release */ = {
			isa = XCBuildConfiguration;
			buildSettings = {
				ALWAYS_SEARCH_USER_PATHS = NO;
				CLANG_ANALYZER_NONNULL = YES;
				CLANG_ANALYZER_NUMBER_OBJECT_CONVERSION = YES_AGGRESSIVE;
				CLANG_CXX_LANGUAGE_STANDARD = "gnu++20";
				CLANG_ENABLE_MODULES = YES;
				CLANG_ENABLE_OBJC_ARC = YES;
				CLANG_ENABLE_OBJC_WEAK = YES;
				CLANG_WARN_BLOCK_CAPTURE_AUTORELEASING = YES;
				CLANG_WARN_BOOL_CONVERSION = YES;
				CLANG_WARN_COMMA = YES;
				CLANG_WARN_CONSTANT_CONVERSION = YES;
				CLANG_WARN_DEPRECATED_OBJC_IMPLEMENTATIONS = YES;
				CLANG_WARN_DIRECT_OBJC_ISA_USAGE = YES_ERROR;
				CLANG_WARN_DOCUMENTATION_COMMENTS = YES;
				CLANG_WARN_EMPTY_BODY = YES;
				CLANG_WARN_ENUM_CONVERSION = YES;
				CLANG_WARN_INFINITE_RECURSION = YES;
				CLANG_WARN_INT_CONVERSION = YES;
				CLANG_WARN_NON_LITERAL_NULL_CONVERSION = YES;
				CLANG_WARN_OBJC_IMPLICIT_RETAIN_SELF = YES;
				CLANG_WARN_OBJC_LITERAL_CONVERSION = YES;
				CLANG_WARN_OBJC_ROOT_CLASS = YES_ERROR;
				CLANG_WARN_QUOTED_INCLUDE_IN_FRAMEWORK_HEADER = YES;
				CLANG_WARN_RANGE_LOOP_ANALYSIS = YES;
				CLANG_WARN_STRICT_PROTOTYPES = YES;
				CLANG_WARN_SUSPICIOUS_MOVE = YES;
				CLANG_WARN_UNGUARDED_AVAILABILITY = YES_AGGRESSIVE;
				CLANG_WARN_UNREACHABLE_CODE = YES;
				CLANG_WARN__DUPLICATE_METHOD_MATCH = YES;
				COPY_PHASE_STRIP = NO;
				DEBUG_INFORMATION_FORMAT = "dwarf-with-dsym";
				ENABLE_NS_ASSERTIONS = NO;
				ENABLE_STRICT_OBJC_MSGSEND = YES;
				GCC_C_LANGUAGE_STANDARD = gnu11;
				GCC_NO_COMMON_BLOCKS = YES;
				GCC_WARN_64_TO_32_BIT_CONVERSION = YES;
				GCC_WARN_ABOUT_RETURN_TYPE = YES_ERROR;
				GCC_WARN_UNDECLARED_SELECTOR = YES;
				GCC_WARN_UNINITIALIZED_AUTOS = YES_AGGRESSIVE;
				GCC_WARN_UNUSED_FUNCTION = YES;
				GCC_WARN_UNUSED_VARIABLE = YES;
				IPHONEOS_DEPLOYMENT_TARGET = 16.2;
				MTL_ENABLE_DEBUG_INFO = NO;
				MTL_FAST_MATH = YES;
				SDKROOT = iphoneos;
				SWIFT_COMPILATION_MODE = wholemodule;
				SWIFT_OPTIMIZATION_LEVEL = "-O";
				VALIDATE_PRODUCT = YES;
			};
			name = Release;
		};
		EFD9DA532970581100862D9D /* Debug */ = {
			isa = XCBuildConfiguration;
			buildSettings = {
				ASSETCATALOG_COMPILER_APPICON_NAME = AppIcon;
				ASSETCATALOG_COMPILER_GLOBAL_ACCENT_COLOR_NAME = AccentColor;
				CODE_SIGN_STYLE = Automatic;
				CURRENT_PROJECT_VERSION = 1;
				DEVELOPMENT_TEAM = T6G9TGF6UU;
				GENERATE_INFOPLIST_FILE = YES;
				INFOPLIST_FILE = SportLab/Info.plist;
				INFOPLIST_KEY_UIApplicationSupportsIndirectInputEvents = YES;
				INFOPLIST_KEY_UILaunchStoryboardName = LaunchScreen;
				INFOPLIST_KEY_UIMainStoryboardFile = Main;
				INFOPLIST_KEY_UISupportedInterfaceOrientations = "UIInterfaceOrientationLandscapeLeft UIInterfaceOrientationLandscapeRight UIInterfaceOrientationPortrait";
				INFOPLIST_KEY_UISupportedInterfaceOrientations_iPad = UIInterfaceOrientationPortrait;
				INFOPLIST_KEY_UIUserInterfaceStyle = Light;
				LD_RUNPATH_SEARCH_PATHS = (
					"$(inherited)",
					"@executable_path/Frameworks",
				);
				MARKETING_VERSION = 1.0;
				PRODUCT_BUNDLE_IDENTIFIER = com.FrukTiK.SportLab;
				PRODUCT_NAME = "$(TARGET_NAME)";
				SWIFT_EMIT_LOC_STRINGS = YES;
				SWIFT_VERSION = 5.0;
				TARGETED_DEVICE_FAMILY = "1,2";
			};
			name = Debug;
		};
		EFD9DA542970581100862D9D /* Release */ = {
			isa = XCBuildConfiguration;
			buildSettings = {
				ASSETCATALOG_COMPILER_APPICON_NAME = AppIcon;
				ASSETCATALOG_COMPILER_GLOBAL_ACCENT_COLOR_NAME = AccentColor;
				CODE_SIGN_STYLE = Automatic;
				CURRENT_PROJECT_VERSION = 1;
				DEVELOPMENT_TEAM = T6G9TGF6UU;
				GENERATE_INFOPLIST_FILE = YES;
				INFOPLIST_FILE = SportLab/Info.plist;
				INFOPLIST_KEY_UIApplicationSupportsIndirectInputEvents = YES;
				INFOPLIST_KEY_UILaunchStoryboardName = LaunchScreen;
				INFOPLIST_KEY_UIMainStoryboardFile = Main;
				INFOPLIST_KEY_UISupportedInterfaceOrientations = "UIInterfaceOrientationLandscapeLeft UIInterfaceOrientationLandscapeRight UIInterfaceOrientationPortrait";
				INFOPLIST_KEY_UISupportedInterfaceOrientations_iPad = UIInterfaceOrientationPortrait;
				INFOPLIST_KEY_UIUserInterfaceStyle = Light;
				LD_RUNPATH_SEARCH_PATHS = (
					"$(inherited)",
					"@executable_path/Frameworks",
				);
				MARKETING_VERSION = 1.0;
				PRODUCT_BUNDLE_IDENTIFIER = com.FrukTiK.SportLab;
				PRODUCT_NAME = "$(TARGET_NAME)";
				SWIFT_EMIT_LOC_STRINGS = YES;
				SWIFT_VERSION = 5.0;
				TARGETED_DEVICE_FAMILY = "1,2";
			};
			name = Release;
		};
/* End XCBuildConfiguration section */

/* Begin XCConfigurationList section */
		EFD9DA362970581100862D9D /* Build configuration list for PBXProject "SportLab" */ = {
			isa = XCConfigurationList;
			buildConfigurations = (
				EFD9DA502970581100862D9D /* Debug */,
				EFD9DA512970581100862D9D /* Release */,
			);
			defaultConfigurationIsVisible = 0;
			defaultConfigurationName = Release;
		};
		EFD9DA522970581100862D9D /* Build configuration list for PBXNativeTarget "SportLab" */ = {
			isa = XCConfigurationList;
			buildConfigurations = (
				EFD9DA532970581100862D9D /* Debug */,
				EFD9DA542970581100862D9D /* Release */,
			);
			defaultConfigurationIsVisible = 0;
			defaultConfigurationName = Release;
		};
/* End XCConfigurationList section */

/* Begin XCVersionGroup section */
		EFD9DA472970581100862D9D /* SportLab.xcdatamodeld */ = {
			isa = XCVersionGroup;
			children = (
				EFD9DA482970581100862D9D /* SportLab.xcdatamodel */,
			);
			currentVersion = EFD9DA482970581100862D9D /* SportLab.xcdatamodel */;
			path = SportLab.xcdatamodeld;
			sourceTree = "<group>";
			versionGroupType = wrapper.xcdatamodel;
		};
/* End XCVersionGroup section */
	};
	rootObject = EFD9DA332970581100862D9D /* Project object */;
}
